
Microsoft Visual Studio Solution File, Format Version 12.00
# Visual Studio Version 17
VisualStudioVersion = 17.3.32804.467
MinimumVisualStudioVersion = 10.0.40219.1
Project("{FAE04EC0-301F-11D3-BF4B-00C04F79EFBC}") = "Host", "Host\Host.csproj", "{0477A73E-D70E-4A0F-9123-8A478D489CAA}"
EndProject
Project("{FAE04EC0-301F-11D3-BF4B-00C04F79EFBC}") = "CurrencyParser", "CurrencyParser\CurrencyParser.csproj", "{95AC6CAC-60AA-4527-B294-E5295DF2D542}"
EndProject
Project("{FAE04EC0-301F-11D3-BF4B-00C04F79EFBC}") = "Stonks", "Stonks\Stonks.csproj", "{6EA184E3-120F-474A-81B1-E507C1E8E3C9}"
EndProject
Global
	GlobalSection(SolutionConfigurationPlatforms) = preSolution
		Debug|Any CPU = Debug|Any CPU
		Release|Any CPU = Release|Any CPU
	EndGlobalSection
	GlobalSection(ProjectConfigurationPlatforms) = postSolution
		{0477A73E-D70E-4A0F-9123-8A478D489CAA}.Debug|Any CPU.ActiveCfg = Debug|Any CPU
		{0477A73E-D70E-4A0F-9123-8A478D489CAA}.Debug|Any CPU.Build.0 = Debug|Any CPU
		{0477A73E-D70E-4A0F-9123-8A478D489CAA}.Release|Any CPU.ActiveCfg = Release|Any CPU
		{0477A73E-D70E-4A0F-9123-8A478D489CAA}.Release|Any CPU.Build.0 = Release|Any CPU
		{95AC6CAC-60AA-4527-B294-E5295DF2D542}.Debug|Any CPU.ActiveCfg = Debug|Any CPU
		{95AC6CAC-60AA-4527-B294-E5295DF2D542}.Debug|Any CPU.Build.0 = Debug|Any CPU
		{95AC6CAC-60AA-4527-B294-E5295DF2D542}.Release|Any CPU.ActiveCfg = Release|Any CPU
		{95AC6CAC-60AA-4527-B294-E5295DF2D542}.Release|Any CPU.Build.0 = Release|Any CPU
		{6EA184E3-120F-474A-81B1-E507C1E8E3C9}.Debug|Any CPU.ActiveCfg = Debug|Any CPU
		{6EA184E3-120F-474A-81B1-E507C1E8E3C9}.Debug|Any CPU.Build.0 = Debug|Any CPU
		{6EA184E3-120F-474A-81B1-E507C1E8E3C9}.Release|Any CPU.ActiveCfg = Release|Any CPU
		{6EA184E3-120F-474A-81B1-E507C1E8E3C9}.Release|Any CPU.Build.0 = Release|Any CPU
	EndGlobalSection
	GlobalSection(SolutionProperties) = preSolution
		HideSolutionNode = FALSE
	EndGlobalSection
	GlobalSection(ExtensibilityGlobals) = postSolution
		SolutionGuid = {58253758-8EDF-4E2D-A73A-DA295B545047}
	EndGlobalSection
EndGlobal
